
Microsoft Visual Studio Solution File, Format Version 12.00
# Visual Studio Version 17
VisualStudioVersion = 17.9.34622.214
MinimumVisualStudioVersion = 10.0.40219.1
Project("{FAE04EC0-301F-11D3-BF4B-00C04F79EFBC}") = "ReverseString", "ReverseString.csproj", "{4D0295F0-8F87-496F-9928-BF72DC30C56C}"
EndProject
Global
	GlobalSection(SolutionConfigurationPlatforms) = preSolution
		Debug|Any CPU = Debug|Any CPU
		Release|Any CPU = Release|Any CPU
	EndGlobalSection
	GlobalSection(ProjectConfigurationPlatforms) = postSolution
		{4D0295F0-8F87-496F-9928-BF72DC30C56C}.Debug|Any CPU.ActiveCfg = Debug|Any CPU
		{4D0295F0-8F87-496F-9928-BF72DC30C56C}.Debug|Any CPU.Build.0 = Debug|Any CPU
		{4D0295F0-8F87-496F-9928-BF72DC30C56C}.Release|Any CPU.ActiveCfg = Release|Any CPU
		{4D0295F0-8F87-496F-9928-BF72DC30C56C}.Release|Any CPU.Build.0 = Release|Any CPU
	EndGlobalSection
	GlobalSection(SolutionProperties) = preSolution
		HideSolutionNode = FALSE
	EndGlobalSection
	GlobalSection(ExtensibilityGlobals) = postSolution
		SolutionGuid = {427250C9-8AF9-45AB-AC7C-47857B863947}
	EndGlobalSection
EndGlobal
